
Microsoft Visual Studio Solution File, Format Version 12.00
# Visual Studio 15
VisualStudioVersion = 15.0.27004.2006
MinimumVisualStudioVersion = 10.0.40219.1
Project("{FAE04EC0-301F-11D3-BF4B-00C04F79EFBC}") = "YzExcelToEntity", "YzExcelToEntity\YzExcelToEntity.csproj", "{DD7DF121-9B73-4764-B916-04E9F19818AB}"
EndProject
Project("{FAE04EC0-301F-11D3-BF4B-00C04F79EFBC}") = "YzExcelToEntityDemo", "YzExcelToEntityDemo\YzExcelToEntityDemo.csproj", "{8474185D-F53B-4EA5-B711-31F5532313A3}"
EndProject
Global
	GlobalSection(SolutionConfigurationPlatforms) = preSolution
		Debug|Any CPU = Debug|Any CPU
		Release|Any CPU = Release|Any CPU
	EndGlobalSection
	GlobalSection(ProjectConfigurationPlatforms) = postSolution
		{DD7DF121-9B73-4764-B916-04E9F19818AB}.Debug|Any CPU.ActiveCfg = Debug|Any CPU
		{DD7DF121-9B73-4764-B916-04E9F19818AB}.Debug|Any CPU.Build.0 = Debug|Any CPU
		{DD7DF121-9B73-4764-B916-04E9F19818AB}.Release|Any CPU.ActiveCfg = Release|Any CPU
		{DD7DF121-9B73-4764-B916-04E9F19818AB}.Release|Any CPU.Build.0 = Release|Any CPU
		{8474185D-F53B-4EA5-B711-31F5532313A3}.Debug|Any CPU.ActiveCfg = Debug|Any CPU
		{8474185D-F53B-4EA5-B711-31F5532313A3}.Debug|Any CPU.Build.0 = Debug|Any CPU
		{8474185D-F53B-4EA5-B711-31F5532313A3}.Release|Any CPU.ActiveCfg = Release|Any CPU
		{8474185D-F53B-4EA5-B711-31F5532313A3}.Release|Any CPU.Build.0 = Release|Any CPU
	EndGlobalSection
	GlobalSection(SolutionProperties) = preSolution
		HideSolutionNode = FALSE
	EndGlobalSection
	GlobalSection(ExtensibilityGlobals) = postSolution
		SolutionGuid = {7080E5B5-8EA9-4B63-BF86-6F9C4017001F}
	EndGlobalSection
EndGlobal
